
Microsoft Visual Studio Solution File, Format Version 12.00
# Visual Studio 15
Project("{FAE04EC0-301F-11D3-BF4B-00C04F79EFBC}") = "TechJobsOO", "TechJobsOO.csproj", "{04968798-EFBA-47BF-A779-413E7117C8A7}"
EndProject
Global
	GlobalSection(SolutionConfigurationPlatforms) = preSolution
		Debug|Any CPU = Debug|Any CPU
		Release|Any CPU = Release|Any CPU
	EndGlobalSection
	GlobalSection(ProjectConfigurationPlatforms) = postSolution
		{04968798-EFBA-47BF-A779-413E7117C8A7}.Debug|Any CPU.ActiveCfg = Debug|Any CPU
		{04968798-EFBA-47BF-A779-413E7117C8A7}.Debug|Any CPU.Build.0 = Debug|Any CPU
		{04968798-EFBA-47BF-A779-413E7117C8A7}.Release|Any CPU.ActiveCfg = Release|Any CPU
		{04968798-EFBA-47BF-A779-413E7117C8A7}.Release|Any CPU.Build.0 = Release|Any CPU
	EndGlobalSection
EndGlobal
